// !$*UTF8*$!
{
	archiveVersion = 1;
	classes = {
	};
	objectVersion = 56;
	objects = {

/* Begin PBXBuildFile section */
		AA0001 /* UsageTimeAgentApp.swift in Sources */ = {isa = PBXBuildFile; fileRef = BB0001; };
		AA0002 /* AppDelegate.swift in Sources */ = {isa = PBXBuildFile; fileRef = BB0002; };
		AA0003 /* StatusBarController.swift in Sources */ = {isa = PBXBuildFile; fileRef = BB0003; };
		AA0004 /* LockScreenWindow.swift in Sources */ = {isa = PBXBuildFile; fileRef = BB0004; };
		AA0005 /* APIClient.swift in Sources */ = {isa = PBXBuildFile; fileRef = BB0005; };
		AA0006 /* UsageTracker.swift in Sources */ = {isa = PBXBuildFile; fileRef = BB0006; };
		AA0007 /* PolicyEnforcer.swift in Sources */ = {isa = PBXBuildFile; fileRef = BB0007; };
		AA0008 /* AgentConfig.swift in Sources */ = {isa = PBXBuildFile; fileRef = BB0008; };
		AA0009 /* NotificationManager.swift in Sources */ = {isa = PBXBuildFile; fileRef = BB0009; };
		AA0010 /* Assets.xcassets in Resources */ = {isa = PBXBuildFile; fileRef = BB0010; };
		AA0011 /* SelfProtection.swift in Sources */ = {isa = PBXBuildFile; fileRef = BB0011; };
		AA0012 /* TOTPGenerator.swift in Sources */ = {isa = PBXBuildFile; fileRef = BB0012; };
		AA0013 /* SystemInstaller.swift in Sources */ = {isa = PBXBuildFile; fileRef = BB0013; };
		AA0014 /* watchdog.sh in Resources */ = {isa = PBXBuildFile; fileRef = BB0014; };
		AA0015 /* watchdog.plist in Resources */ = {isa = PBXBuildFile; fileRef = BB0015; };
		AA0016 /* KeychainStore.swift in Sources */ = {isa = PBXBuildFile; fileRef = BB0016; };
/* End PBXBuildFile section */

/* Begin PBXFileReference section */
		BB0001 /* UsageTimeAgentApp.swift */ = {isa = PBXFileReference; lastKnownFileType = sourcecode.swift; path = UsageTimeAgentApp.swift; sourceTree = "<group>"; };
		BB0002 /* AppDelegate.swift */ = {isa = PBXFileReference; lastKnownFileType = sourcecode.swift; path = AppDelegate.swift; sourceTree = "<group>"; };
		BB0003 /* StatusBarController.swift */ = {isa = PBXFileReference; lastKnownFileType = sourcecode.swift; path = StatusBarController.swift; sourceTree = "<group>"; };
		BB0004 /* LockScreenWindow.swift */ = {isa = PBXFileReference; lastKnownFileType = sourcecode.swift; path = LockScreenWindow.swift; sourceTree = "<group>"; };
		BB0005 /* APIClient.swift */ = {isa = PBXFileReference; lastKnownFileType = sourcecode.swift; path = APIClient.swift; sourceTree = "<group>"; };
		BB0006 /* UsageTracker.swift */ = {isa = PBXFileReference; lastKnownFileType = sourcecode.swift; path = UsageTracker.swift; sourceTree = "<group>"; };
		BB0007 /* PolicyEnforcer.swift */ = {isa = PBXFileReference; lastKnownFileType = sourcecode.swift; path = PolicyEnforcer.swift; sourceTree = "<group>"; };
		BB0008 /* AgentConfig.swift */ = {isa = PBXFileReference; lastKnownFileType = sourcecode.swift; path = AgentConfig.swift; sourceTree = "<group>"; };
		BB0009 /* NotificationManager.swift */ = {isa = PBXFileReference; lastKnownFileType = sourcecode.swift; path = NotificationManager.swift; sourceTree = "<group>"; };
		BB0010 /* Assets.xcassets */ = {isa = PBXFileReference; lastKnownFileType = folder.assetcatalog; path = Assets.xcassets; sourceTree = "<group>"; };
		BB0011 /* SelfProtection.swift */ = {isa = PBXFileReference; lastKnownFileType = sourcecode.swift; path = SelfProtection.swift; sourceTree = "<group>"; };
		BB0012 /* TOTPGenerator.swift */ = {isa = PBXFileReference; lastKnownFileType = sourcecode.swift; path = TOTPGenerator.swift; sourceTree = "<group>"; };
		BB0013 /* SystemInstaller.swift */ = {isa = PBXFileReference; lastKnownFileType = sourcecode.swift; path = SystemInstaller.swift; sourceTree = "<group>"; };
		BB0014 /* watchdog.sh */ = {isa = PBXFileReference; lastKnownFileType = text.script.sh; path = watchdog.sh; sourceTree = "<group>"; };
		BB0015 /* watchdog.plist */ = {isa = PBXFileReference; lastKnownFileType = text.plist.xml; path = watchdog.plist; sourceTree = "<group>"; };
		BB0016 /* KeychainStore.swift */ = {isa = PBXFileReference; lastKnownFileType = sourcecode.swift; path = KeychainStore.swift; sourceTree = "<group>"; };
		CC0001 /* UsageTimeAgent.app */ = {isa = PBXFileReference; explicitFileType = wrapper.application; includeInIndex = 0; path = UsageTimeAgent.app; sourceTree = BUILT_PRODUCTS_DIR; };
		CC0002 /* Info.plist */ = {isa = PBXFileReference; lastKnownFileType = text.plist.xml; path = Info.plist; sourceTree = "<group>"; };
		CC0003 /* UsageTimeAgent.entitlements */ = {isa = PBXFileReference; lastKnownFileType = text.plist.entitlements; path = UsageTimeAgent.entitlements; sourceTree = "<group>"; };
/* End PBXFileReference section */

/* Begin PBXGroup section */
		DD0001 = {
			isa = PBXGroup;
			children = (
				DD0002 /* UsageTimeAgent */,
				DD0005 /* Products */,
			);
			sourceTree = "<group>";
		};
		DD0002 /* UsageTimeAgent */ = {
			isa = PBXGroup;
			children = (
				BB0001,
				BB0002,
				CC0002,
				CC0003,
				DD0003 /* Services */,
				DD0004 /* Views */,
				BB0010,
				BB0014,
				BB0015,
			);
			path = UsageTimeAgent;
			sourceTree = "<group>";
		};
		DD0003 /* Services */ = {
			isa = PBXGroup;
			children = (
				BB0005,
				BB0006,
				BB0007,
				BB0008,
				BB0009,
				BB0011,
				BB0012,
				BB0013,
				BB0016,
			);
			path = Services;
			sourceTree = "<group>";
		};
		DD0004 /* Views */ = {
			isa = PBXGroup;
			children = (
				BB0003,
				BB0004,
			);
			path = Views;
			sourceTree = "<group>";
		};
		DD0005 /* Products */ = {
			isa = PBXGroup;
			children = (
				CC0001,
			);
			name = Products;
			sourceTree = "<group>";
		};
/* End PBXGroup section */

/* Begin PBXNativeTarget section */
		EE0001 /* UsageTimeAgent */ = {
			isa = PBXNativeTarget;
			buildConfigurationList = FF0003;
			buildPhases = (
				EE0002 /* Sources */,
				EE0003 /* Resources */,
			);
			buildRules = (
			);
			dependencies = (
			);
			name = UsageTimeAgent;
			productName = UsageTimeAgent;
			productReference = CC0001;
			productType = "com.apple.product-type.application";
		};
/* End PBXNativeTarget section */

/* Begin PBXProject section */
		EE0004 /* Project object */ = {
			isa = PBXProject;
			attributes = {
				BuildIndependentTargetsInParallel = 1;
				LastSwiftUpdateCheck = 1540;
				LastUpgradeCheck = 1540;
			};
			buildConfigurationList = FF0001;
			compatibilityVersion = "Xcode 14.0";
			developmentRegion = en;
			hasScannedForEncodings = 0;
			knownRegions = (
				en,
				Base,
				ru,
			);
			mainGroup = DD0001;
			productRefGroup = DD0005;
			projectDirPath = "";
			projectRoot = "";
			targets = (
				EE0001,
			);
		};
/* End PBXProject section */

/* Begin PBXSourcesBuildPhase section */
		EE0002 /* Sources */ = {
			isa = PBXSourcesBuildPhase;
			buildActionMask = 2147483647;
			files = (
				AA0001,
				AA0002,
				AA0003,
				AA0004,
				AA0005,
				AA0006,
				AA0007,
				AA0008,
				AA0009,
				AA0011,
				AA0012,
				AA0013,
				AA0016,
			);
			runOnlyForDeploymentPostprocessing = 0;
		};
/* End PBXSourcesBuildPhase section */

/* Begin PBXResourcesBuildPhase section */
		EE0003 /* Resources */ = {
			isa = PBXResourcesBuildPhase;
			buildActionMask = 2147483647;
			files = (
				AA0010,
				AA0014,
				AA0015,
			);
			runOnlyForDeploymentPostprocessing = 0;
		};
/* End PBXResourcesBuildPhase section */

/* Begin XCBuildConfiguration section */
		FF0004 /* Debug */ = {
			isa = XCBuildConfiguration;
			buildSettings = {
				ALWAYS_SEARCH_USER_PATHS = NO;
				CLANG_CXX_LANGUAGE_STANDARD = "gnu++20";
				CLANG_ENABLE_MODULES = YES;
				CLANG_ENABLE_OBJC_ARC = YES;
				COPY_PHASE_STRIP = NO;
				DEBUG_INFORMATION_FORMAT = dwarf;
				GCC_DYNAMIC_NO_PIC = NO;
				GCC_OPTIMIZATION_LEVEL = 0;
				GCC_PREPROCESSOR_DEFINITIONS = (
					"DEBUG=1",
					"$(inherited)",
				);
				MACOSX_DEPLOYMENT_TARGET = 13.0;
				MTL_ENABLE_DEBUG_INFO = INCLUDE_SOURCE;
				ONLY_ACTIVE_ARCH = YES;
				SDKROOT = macosx;
				SWIFT_ACTIVE_COMPILATION_CONDITIONS = "DEBUG $(inherited)";
				SWIFT_OPTIMIZATION_LEVEL = "-Onone";
			};
			name = Debug;
		};
		FF0005 /* Release */ = {
			isa = XCBuildConfiguration;
			buildSettings = {
				ALWAYS_SEARCH_USER_PATHS = NO;
				CLANG_CXX_LANGUAGE_STANDARD = "gnu++20";
				CLANG_ENABLE_MODULES = YES;
				CLANG_ENABLE_OBJC_ARC = YES;
				COPY_PHASE_STRIP = NO;
				DEBUG_INFORMATION_FORMAT = "dwarf-with-dsym";
				ENABLE_NS_ASSERTIONS = NO;
				MACOSX_DEPLOYMENT_TARGET = 13.0;
				MTL_ENABLE_DEBUG_INFO = NO;
				SDKROOT = macosx;
				SWIFT_COMPILATION_MODE = wholemodule;
			};
			name = Release;
		};
		FF0006 /* Debug */ = {
			isa = XCBuildConfiguration;
			buildSettings = {
				ASSETCATALOG_COMPILER_APPICON_NAME = AppIcon;
				CODE_SIGN_ENTITLEMENTS = UsageTimeAgent/UsageTimeAgent.entitlements;
				CODE_SIGN_STYLE = Automatic;
				CURRENT_PROJECT_VERSION = 1;
				INFOPLIST_FILE = UsageTimeAgent/Info.plist;
				LD_RUNPATH_SEARCH_PATHS = (
					"$(inherited)",
					"@executable_path/../Frameworks",
				);
				LSUIElement = YES;
				MARKETING_VERSION = 2.1;
				PRODUCT_BUNDLE_IDENTIFIER = com.usagetime.agent;
				PRODUCT_NAME = "$(TARGET_NAME)";
				SWIFT_EMIT_LOC_STRINGS = YES;
				SWIFT_VERSION = 5.0;
			};
			name = Debug;
		};
		FF0007 /* Release */ = {
			isa = XCBuildConfiguration;
			buildSettings = {
				ASSETCATALOG_COMPILER_APPICON_NAME = AppIcon;
				CODE_SIGN_ENTITLEMENTS = UsageTimeAgent/UsageTimeAgent.entitlements;
				CODE_SIGN_STYLE = Automatic;
				CURRENT_PROJECT_VERSION = 1;
				INFOPLIST_FILE = UsageTimeAgent/Info.plist;
				LD_RUNPATH_SEARCH_PATHS = (
					"$(inherited)",
					"@executable_path/../Frameworks",
				);
				LSUIElement = YES;
				MARKETING_VERSION = 2.1;
				PRODUCT_BUNDLE_IDENTIFIER = com.usagetime.agent;
				PRODUCT_NAME = "$(TARGET_NAME)";
				SWIFT_EMIT_LOC_STRINGS = YES;
				SWIFT_VERSION = 5.0;
			};
			name = Release;
		};
/* End XCBuildConfiguration section */

/* Begin XCConfigurationList section */
		FF0001 /* Build configuration list for PBXProject */ = {
			isa = XCConfigurationList;
			buildConfigurations = (
				FF0004,
				FF0005,
			);
			defaultConfigurationIsVisible = 0;
			defaultConfigurationName = Release;
		};
		FF0003 /* Build configuration list for PBXNativeTarget */ = {
			isa = XCConfigurationList;
			buildConfigurations = (
				FF0006,
				FF0007,
			);
			defaultConfigurationIsVisible = 0;
			defaultConfigurationName = Release;
		};
/* End XCConfigurationList section */
	};
	rootObject = EE0004 /* Project object */;
}
